
Microsoft Visual Studio Solution File, Format Version 12.00
# Visual Studio Version 17
VisualStudioVersion = 17.9.34902.65
MinimumVisualStudioVersion = 10.0.40219.1
Project("{FAE04EC0-301F-11D3-BF4B-00C04F79EFBC}") = "MyTalkingApi", "MyTalkingApi.csproj", "{3A675F9D-91FE-4DA8-B02C-1357FAA2F056}"
EndProject
Global
	GlobalSection(SolutionConfigurationPlatforms) = preSolution
		Debug|Any CPU = Debug|Any CPU
		Release|Any CPU = Release|Any CPU
	EndGlobalSection
	GlobalSection(ProjectConfigurationPlatforms) = postSolution
		{3A675F9D-91FE-4DA8-B02C-1357FAA2F056}.Debug|Any CPU.ActiveCfg = Debug|Any CPU
		{3A675F9D-91FE-4DA8-B02C-1357FAA2F056}.Debug|Any CPU.Build.0 = Debug|Any CPU
		{3A675F9D-91FE-4DA8-B02C-1357FAA2F056}.Release|Any CPU.ActiveCfg = Release|Any CPU
		{3A675F9D-91FE-4DA8-B02C-1357FAA2F056}.Release|Any CPU.Build.0 = Release|Any CPU
	EndGlobalSection
	GlobalSection(SolutionProperties) = preSolution
		HideSolutionNode = FALSE
	EndGlobalSection
	GlobalSection(ExtensibilityGlobals) = postSolution
		SolutionGuid = {35B852C9-42A7-4B8A-A3E6-538A2702729D}
	EndGlobalSection
EndGlobal
